
Microsoft Visual Studio Solution File, Format Version 12.00
# Visual Studio Version 16
VisualStudioVersion = 16.0.31402.337
MinimumVisualStudioVersion = 10.0.40219.1
Project("{9A19103F-16F7-4668-BE54-9A1E7A4F7556}") = "KakaoManagerBeta", "KakaoManagerBeta.csproj", "{30F31A95-3E55-4B53-B778-C45849C2C4F7}"
EndProject
Global
	GlobalSection(SolutionConfigurationPlatforms) = preSolution
		Debug|Any CPU = Debug|Any CPU
		Release|Any CPU = Release|Any CPU
	EndGlobalSection
	GlobalSection(ProjectConfigurationPlatforms) = postSolution
		{30F31A95-3E55-4B53-B778-C45849C2C4F7}.Debug|Any CPU.ActiveCfg = Debug|Any CPU
		{30F31A95-3E55-4B53-B778-C45849C2C4F7}.Debug|Any CPU.Build.0 = Debug|Any CPU
		{30F31A95-3E55-4B53-B778-C45849C2C4F7}.Release|Any CPU.ActiveCfg = Release|Any CPU
		{30F31A95-3E55-4B53-B778-C45849C2C4F7}.Release|Any CPU.Build.0 = Release|Any CPU
	EndGlobalSection
	GlobalSection(SolutionProperties) = preSolution
		HideSolutionNode = FALSE
	EndGlobalSection
	GlobalSection(ExtensibilityGlobals) = postSolution
		SolutionGuid = {9BA5C786-3E27-4A6D-887F-45EB2032E07C}
	EndGlobalSection
EndGlobal
